Microsoft Visual Studio Solution File, Format Version 8.00
Project("{8BC9CEB8-8B4A-11D0-8D11-00A0C91BC942}") = "biblia_dinamicas_sinfonia", "biblia_dinamicas_sinfonia.vcproj", "{508DE889-513B-4E4E-BADF-32DD71D0850E}"
	ProjectSection(ProjectDependencies) = postProject
	EndProjectSection
EndProject
Project("{8BC9CEB8-8B4A-11D0-8D11-00A0C91BC942}") = "biblia_dinamicas_sinfonia_principal", "..\biblia_dinamicas_sinfonia_principal\biblia_dinamicas_sinfonia_principal.vcproj", "{8EB44147-1BF8-414B-8BB8-A0BDD88F1E82}"
	ProjectSection(ProjectDependencies) = postProject
	EndProjectSection
EndProject
Global
	GlobalSection(SolutionConfiguration) = preSolution
		Debug = Debug
		Release = Release
	EndGlobalSection
	GlobalSection(ProjectConfiguration) = postSolution
		{508DE889-513B-4E4E-BADF-32DD71D0850E}.Debug.ActiveCfg = Debug|Win32
		{508DE889-513B-4E4E-BADF-32DD71D0850E}.Debug.Build.0 = Debug|Win32
		{508DE889-513B-4E4E-BADF-32DD71D0850E}.Release.ActiveCfg = Release|Win32
		{508DE889-513B-4E4E-BADF-32DD71D0850E}.Release.Build.0 = Release|Win32
		{8EB44147-1BF8-414B-8BB8-A0BDD88F1E82}.Debug.ActiveCfg = Debug|Win32
		{8EB44147-1BF8-414B-8BB8-A0BDD88F1E82}.Debug.Build.0 = Debug|Win32
		{8EB44147-1BF8-414B-8BB8-A0BDD88F1E82}.Release.ActiveCfg = Release|Win32
		{8EB44147-1BF8-414B-8BB8-A0BDD88F1E82}.Release.Build.0 = Release|Win32
	EndGlobalSection
	GlobalSection(ExtensibilityGlobals) = postSolution
	EndGlobalSection
	GlobalSection(ExtensibilityAddIns) = postSolution
	EndGlobalSection
EndGlobal
